
Microsoft Visual Studio Solution File, Format Version 12.00
# Visual Studio 2013
VisualStudioVersion = 12.0.31101.0
MinimumVisualStudioVersion = 10.0.40219.1
Project("{FAE04EC0-301F-11D3-BF4B-00C04F79EFBC}") = "ZeroToHero", "ZeroToHero\ZeroToHero.csproj", "{4892D112-1525-4AA5-8EDB-DCA8B21141D3}"
EndProject
Project("{FAE04EC0-301F-11D3-BF4B-00C04F79EFBC}") = "ZeroToHero.class", "ZeroToHero.class\ZeroToHero.class.csproj", "{B544248D-7D05-4CCD-8914-1ADA14944097}"
EndProject
Global
	GlobalSection(SolutionConfigurationPlatforms) = preSolution
		Debug|Any CPU = Debug|Any CPU
		Release|Any CPU = Release|Any CPU
	EndGlobalSection
	GlobalSection(ProjectConfigurationPlatforms) = postSolution
		{4892D112-1525-4AA5-8EDB-DCA8B21141D3}.Debug|Any CPU.ActiveCfg = Debug|Any CPU
		{4892D112-1525-4AA5-8EDB-DCA8B21141D3}.Debug|Any CPU.Build.0 = Debug|Any CPU
		{4892D112-1525-4AA5-8EDB-DCA8B21141D3}.Release|Any CPU.ActiveCfg = Release|Any CPU
		{4892D112-1525-4AA5-8EDB-DCA8B21141D3}.Release|Any CPU.Build.0 = Release|Any CPU
		{B544248D-7D05-4CCD-8914-1ADA14944097}.Debug|Any CPU.ActiveCfg = Debug|Any CPU
		{B544248D-7D05-4CCD-8914-1ADA14944097}.Debug|Any CPU.Build.0 = Debug|Any CPU
		{B544248D-7D05-4CCD-8914-1ADA14944097}.Release|Any CPU.ActiveCfg = Release|Any CPU
		{B544248D-7D05-4CCD-8914-1ADA14944097}.Release|Any CPU.Build.0 = Release|Any CPU
	EndGlobalSection
	GlobalSection(SolutionProperties) = preSolution
		HideSolutionNode = FALSE
	EndGlobalSection
EndGlobal
